<?xml version="1.0" encoding="utf-8"?>
<Project ToolsVersion="4.0" xmlns="http://schemas.microsoft.com/developer/msbuild/2003">
  <ItemGroup>
    <Filter Include="리소스 파일">
      <UniqueIdentifier>{67DA6AB6-F800-4c08-8B7A-83BB121AAD01}</UniqueIdentifier>
      <Extensions>rc;ico;cur;bmp;dlg;rc2;rct;bin;rgs;gif;jpg;jpeg;jpe;resx;tiff;tif;png;wav;mfcribbon-ms</Extensions>
    </Filter>
    <Filter Include="Render">
      <UniqueIdentifier>{c5c61629-83dc-40ee-aa56-746378ed5c78}</UniqueIdentifier>
    </Filter>
    <Filter Include="Render\Renderer">
      <UniqueIdentifier>{1f61d02a-35f5-48ff-8db8-092163b5558b}</UniqueIdentifier>
    </Filter>
    <Filter Include="Render\Texture">
      <UniqueIdentifier>{63bacf18-a1ad-48a2-9061-79fa9767a0a3}</UniqueIdentifier>
    </Filter>
    <Filter Include="Render\Camera">
      <UniqueIdentifier>{6e52468e-34e3-4d5a-97a9-4c0018019f27}</UniqueIdentifier>
    </Filter>
    <Filter Include="Render\Obj">
      <UniqueIdentifier>{a65b6d00-8427-4b4a-8a36-75820c031231}</UniqueIdentifier>
    </Filter>
    <Filter Include="Game">
      <UniqueIdentifier>{4f8e2f7d-9152-449b-83ed-b044012ad0b0}</UniqueIdentifier>
    </Filter>
    <Filter Include="helper">
      <UniqueIdentifier>{57d288d0-9226-4988-8ea4-f5fbc75b9de9}</UniqueIdentifier>
    </Filter>
    <Filter Include="Render\Shader">
      <UniqueIdentifier>{15fe09d3-a721-40e2-a80c-bc9139d6c330}</UniqueIdentifier>
    </Filter>
    <Filter Include="Share">
      <UniqueIdentifier>{4c7ec9fe-73db-4f2c-abcd-c588133fbb17}</UniqueIdentifier>
    </Filter>
    <Filter Include="Share\helper">
      <UniqueIdentifier>{4a8e28d4-ff2d-4bde-99fd-11778f630ef9}</UniqueIdentifier>
    </Filter>
    <Filter Include="Share\NetworkHelper">
      <UniqueIdentifier>{200cced7-b4ae-4379-ad57-3dcd7f651ced}</UniqueIdentifier>
    </Filter>
    <Filter Include="Share\defineds">
      <UniqueIdentifier>{e4a4b4e1-39ee-4d5f-a7ed-671a36a6b3ab}</UniqueIdentifier>
    </Filter>
    <Filter Include="Render\Shader\glsl">
      <UniqueIdentifier>{327e8133-a730-43b7-af8a-79e3784642e4}</UniqueIdentifier>
    </Filter>
    <Filter Include="Render\Shader\Shader">
      <UniqueIdentifier>{9bd7d2b5-6fd6-4956-949e-12fc475620a0}</UniqueIdentifier>
    </Filter>
    <Filter Include="Render\Shader\Light">
      <UniqueIdentifier>{4a377ca6-ab10-41bf-8dbb-c5278e00b7ed}</UniqueIdentifier>
    </Filter>
    <Filter Include="Render\Mesh">
      <UniqueIdentifier>{b52b8903-955c-4410-8351-497e4771ad69}</UniqueIdentifier>
    </Filter>
    <Filter Include="Render\Model">
      <UniqueIdentifier>{fa34afe7-6cc8-4c5c-a2cd-20dfc0fdf4df}</UniqueIdentifier>
    </Filter>
    <Filter Include="Render\Shader\BufferObj">
      <UniqueIdentifier>{67dca7b6-ee8c-4350-8696-2d2e984ffb62}</UniqueIdentifier>
    </Filter>
    <Filter Include="Render\GUI">
      <UniqueIdentifier>{231f2f47-ba4e-4224-8397-0a418aa634e3}</UniqueIdentifier>
    </Filter>
    <Filter Include="Render\GUI\imgui">
      <UniqueIdentifier>{7e1d445c-ae34-4f70-8182-db6eae8501e9}</UniqueIdentifier>
    </Filter>
    <Filter Include="Render\GUI\gui">
      <UniqueIdentifier>{6c8b1f5b-8c67-4dd6-8955-47c2684ac2aa}</UniqueIdentifier>
    </Filter>
    <Filter Include="Render\Event">
      <UniqueIdentifier>{522df6f0-d1b5-4f6a-8a2c-6f8d2d0b5845}</UniqueIdentifier>
    </Filter>
    <Filter Include="Render\Collision">
      <UniqueIdentifier>{262789bf-8636-4157-8f8c-cd3896e2320e}</UniqueIdentifier>
    </Filter>
    <Filter Include="Network">
      <UniqueIdentifier>{91c6881b-988a-461b-ad0b-ce2bc8adf7c2}</UniqueIdentifier>
    </Filter>
  </ItemGroup>
  <ItemGroup>
    <ClCompile Include="Camera.cpp">
      <Filter>Render\Camera</Filter>
    </ClCompile>
    <ClCompile Include="Texture.cpp">
      <Filter>Render\Texture</Filter>
    </ClCompile>
    <ClCompile Include="LoadPng.cpp">
      <Filter>Render\Texture</Filter>
    </ClCompile>
    <ClCompile Include="Renderer.cpp">
      <Filter>Render\Renderer</Filter>
    </ClCompile>
    <ClCompile Include="Obj.cpp">
      <Filter>Render\Obj</Filter>
    </ClCompile>
    <ClCompile Include="DynamicObj.cpp">
      <Filter>Render\Obj</Filter>
    </ClCompile>
    <ClCompile Include="Game.cpp">
      <Filter>Game</Filter>
    </ClCompile>
    <ClCompile Include="stdafx.cpp">
      <Filter>helper</Filter>
    </ClCompile>
    <ClCompile Include="game_system.cpp">
      <Filter>Game</Filter>
    </ClCompile>
    <ClCompile Include="main.cpp" />
    <ClCompile Include="..\..\Share\SocketUtil.cpp">
      <Filter>Share\NetworkHelper</Filter>
    </ClCompile>
    <ClCompile Include="Renderer_static.cpp">
      <Filter>Render\Renderer</Filter>
    </ClCompile>
    <ClCompile Include="Light.cpp">
      <Filter>Render\Shader\Light</Filter>
    </ClCompile>
    <ClCompile Include="Shader.cpp">
      <Filter>Render\Shader\Shader</Filter>
    </ClCompile>
    <ClCompile Include="Mesh.cpp">
      <Filter>Render\Mesh</Filter>
    </ClCompile>
    <ClCompile Include="Model.cpp">
      <Filter>Render\Model</Filter>
    </ClCompile>
    <ClCompile Include="BO.cpp">
      <Filter>Render\Shader\BufferObj</Filter>
    </ClCompile>
    <ClCompile Include="Dependencies\imgui\imgui_widgets.cpp">
      <Filter>Render\GUI\imgui</Filter>
    </ClCompile>
    <ClCompile Include="Dependencies\imgui\imgui_tables.cpp">
      <Filter>Render\GUI\imgui</Filter>
    </ClCompile>
    <ClCompile Include="Dependencies\imgui\imgui_impl_opengl3.cpp">
      <Filter>Render\GUI\imgui</Filter>
    </ClCompile>
    <ClCompile Include="Dependencies\imgui\imgui_draw.cpp">
      <Filter>Render\GUI\imgui</Filter>
    </ClCompile>
    <ClCompile Include="Dependencies\imgui\imgui_demo.cpp">
      <Filter>Render\GUI\imgui</Filter>
    </ClCompile>
    <ClCompile Include="Dependencies\imgui\imgui.cpp">
      <Filter>Render\GUI\imgui</Filter>
    </ClCompile>
    <ClCompile Include="Dependencies\glad\src\glad.c">
      <Filter>helper</Filter>
    </ClCompile>
    <ClCompile Include="Dependencies\imgui\imgui_impl_glfw.cpp">
      <Filter>Render\GUI\imgui</Filter>
    </ClCompile>
    <ClCompile Include="KeyboardEvent.cpp">
      <Filter>Render\Event</Filter>
    </ClCompile>
    <ClCompile Include="Collision.cpp">
      <Filter>Render\Collision</Filter>
    </ClCompile>
    <ClCompile Include="MouseEvent.cpp">
      <Filter>Render\Event</Filter>
    </ClCompile>
    <ClCompile Include="Sun.cpp">
      <Filter>Render\Obj</Filter>
    </ClCompile>
    <ClCompile Include="Networker.cpp">
      <Filter>Network</Filter>
    </ClCompile>
  </ItemGroup>
  <ItemGroup>
    <ClInclude Include="Camera.h">
      <Filter>Render\Camera</Filter>
    </ClInclude>
    <ClInclude Include="Texture.h">
      <Filter>Render\Texture</Filter>
    </ClInclude>
    <ClInclude Include="LoadPng.h">
      <Filter>Render\Texture</Filter>
    </ClInclude>
    <ClInclude Include="stb_image.h">
      <Filter>Render\Texture</Filter>
    </ClInclude>
    <ClInclude Include="Renderer.h">
      <Filter>Render\Renderer</Filter>
    </ClInclude>
    <ClInclude Include="Obj.h">
      <Filter>Render\Obj</Filter>
    </ClInclude>
    <ClInclude Include="DynamicObj.h">
      <Filter>Render\Obj</Filter>
    </ClInclude>
    <ClInclude Include="Game.h">
      <Filter>Game</Filter>
    </ClInclude>
    <ClInclude Include="stdafx.h">
      <Filter>helper</Filter>
    </ClInclude>
    <ClInclude Include="gl_defines.h">
      <Filter>helper</Filter>
    </ClInclude>
    <ClInclude Include="game_system.h">
      <Filter>Game</Filter>
    </ClInclude>
    <ClInclude Include="..\..\Share\includes.h">
      <Filter>Share</Filter>
    </ClInclude>
    <ClInclude Include="..\..\Share\FastSpinlock.h">
      <Filter>Share\helper</Filter>
    </ClInclude>
    <ClInclude Include="..\..\Share\SUNKUE.h">
      <Filter>Share\helper</Filter>
    </ClInclude>
    <ClInclude Include="..\..\Share\Thread_Pool.h">
      <Filter>Share\helper</Filter>
    </ClInclude>
    <ClInclude Include="..\..\Share\SocketUtil.h">
      <Filter>Share\NetworkHelper</Filter>
    </ClInclude>
    <ClInclude Include="..\..\Share\enum.h">
      <Filter>Share\defineds</Filter>
    </ClInclude>
    <ClInclude Include="..\..\Share\types.h">
      <Filter>Share\defineds</Filter>
    </ClInclude>
    <ClInclude Include="..\..\Share\Protocol.h">
      <Filter>Share\defineds</Filter>
    </ClInclude>
    <ClInclude Include="Light.h">
      <Filter>Render\Shader\Light</Filter>
    </ClInclude>
    <ClInclude Include="Shader.h">
      <Filter>Render\Shader\Shader</Filter>
    </ClInclude>
    <ClInclude Include="Shader.hpp">
      <Filter>Render\Shader\Shader</Filter>
    </ClInclude>
    <ClInclude Include="Mesh.h">
      <Filter>Render\Mesh</Filter>
    </ClInclude>
    <ClInclude Include="Model.h">
      <Filter>Render\Model</Filter>
    </ClInclude>
    <ClInclude Include="sunkue_glm.hpp">
      <Filter>helper</Filter>
    </ClInclude>
    <ClInclude Include="BO.h">
      <Filter>Render\Shader\BufferObj</Filter>
    </ClInclude>
    <ClInclude Include="Dependencies\imgui\imstb_truetype.h">
      <Filter>Render\GUI\imgui</Filter>
    </ClInclude>
    <ClInclude Include="Dependencies\imgui\imstb_textedit.h">
      <Filter>Render\GUI\imgui</Filter>
    </ClInclude>
    <ClInclude Include="Dependencies\imgui\imstb_rectpack.h">
      <Filter>Render\GUI\imgui</Filter>
    </ClInclude>
    <ClInclude Include="Dependencies\imgui\imgui_internal.h">
      <Filter>Render\GUI\imgui</Filter>
    </ClInclude>
    <ClInclude Include="Dependencies\imgui\imgui_impl_opengl3.h">
      <Filter>Render\GUI\imgui</Filter>
    </ClInclude>
    <ClInclude Include="Dependencies\imgui\imgui_impl_opengl3_loader.h">
      <Filter>Render\GUI\imgui</Filter>
    </ClInclude>
    <ClInclude Include="Dependencies\imgui\imgui.h">
      <Filter>Render\GUI\imgui</Filter>
    </ClInclude>
    <ClInclude Include="Dependencies\imgui\imconfig.h">
      <Filter>Render\GUI\imgui</Filter>
    </ClInclude>
    <ClInclude Include="Dependencies\imgui\imgui_impl_glfw.h">
      <Filter>Render\GUI\imgui</Filter>
    </ClInclude>
    <ClInclude Include="KeyboardEvent.h">
      <Filter>Render\Event</Filter>
    </ClInclude>
    <ClInclude Include="Collision.h">
      <Filter>Render\Collision</Filter>
    </ClInclude>
    <ClInclude Include="MouseEvent.h">
      <Filter>Render\Event</Filter>
    </ClInclude>
    <ClInclude Include="Sun.h">
      <Filter>Render\Obj</Filter>
    </ClInclude>
    <ClInclude Include="FileHelper.h">
      <Filter>helper</Filter>
    </ClInclude>
    <ClInclude Include="FileHelper.hpp">
      <Filter>helper</Filter>
    </ClInclude>
    <ClInclude Include="Networker.h">
      <Filter>Network</Filter>
    </ClInclude>
  </ItemGroup>
  <ItemGroup>
    <None Include="Shader\grass_vert.glsl">
      <Filter>Render\Shader\glsl</Filter>
    </None>
    <None Include="Shader\png.frag">
      <Filter>Render\Shader\glsl</Filter>
    </None>
    <None Include="Shader\test_fragment.glsl">
      <Filter>Render\Shader\glsl</Filter>
    </None>
    <None Include="Shader\test_vertex.glsl">
      <Filter>Render\Shader\glsl</Filter>
    </None>
    <None Include="Shader\screen.frag">
      <Filter>Render\Shader\glsl</Filter>
    </None>
    <None Include="Shader\cubemap.frag">
      <Filter>Render\Shader\glsl</Filter>
    </None>
    <None Include="Shader\cubemap.vert">
      <Filter>Render\Shader\glsl</Filter>
    </None>
    <None Include="Shader\test_geometry.glsl">
      <Filter>Render\Shader\glsl</Filter>
    </None>
    <None Include="Shader\default_fragment.glsl">
      <Filter>Render\Shader\glsl</Filter>
    </None>
    <None Include="Shader\directional_depthmap.vert">
      <Filter>Render\Shader\glsl</Filter>
    </None>
    <None Include="Shader\directional_depthmap.frag">
      <Filter>Render\Shader\glsl</Filter>
    </None>
    <None Include="Shader\point_depthmap.geom">
      <Filter>Render\Shader\glsl</Filter>
    </None>
    <None Include="Shader\point_depthmap.frag">
      <Filter>Render\Shader\glsl</Filter>
    </None>
    <None Include="Shader\point_depthmap.vert">
      <Filter>Render\Shader\glsl</Filter>
    </None>
    <None Include="Shader\gbuffer.frag">
      <Filter>Render\Shader\glsl</Filter>
    </None>
    <None Include="Shader\gbuffer_geometry.glsl">
      <Filter>Render\Shader\glsl</Filter>
    </None>
    <None Include="Shader\gbuffer.vert">
      <Filter>Render\Shader\glsl</Filter>
    </None>
    <None Include="Shader\lightpass_frag.glsl">
      <Filter>Render\Shader\glsl</Filter>
    </None>
    <None Include="Shader\quad.vert">
      <Filter>Render\Shader\glsl</Filter>
    </None>
    <None Include="Shader\directional_grass_depthmap_vert.glsl">
      <Filter>Render\Shader\glsl</Filter>
    </None>
    <None Include="Shader\H_grass_vert.glsl">
      <Filter>Render\Shader\glsl</Filter>
    </None>
    <None Include="Shader\H_light.glsl">
      <Filter>Render\Shader\glsl</Filter>
    </None>
    <None Include="Shader\directional_grass_depthmap.frag">
      <Filter>Render\Shader\glsl</Filter>
    </None>
    <None Include="Shader\sun_w_fragment.glsl">
      <Filter>Render\Shader\glsl</Filter>
    </None>
    <None Include="Shader\sky.frag">
      <Filter>Render\Shader\glsl</Filter>
    </None>
    <None Include="Shader\godray.frag">
      <Filter>Render\Shader\glsl</Filter>
    </None>
  </ItemGroup>
  <ItemGroup>
    <Image Include="Resource\Texture\blueflower.png">
      <Filter>리소스 파일</Filter>
    </Image>
    <Image Include="Resource\Texture\grass0.png">
      <Filter>리소스 파일</Filter>
    </Image>
    <Image Include="Resource\Texture\grass1.png">
      <Filter>리소스 파일</Filter>
    </Image>
    <Image Include="Resource\Texture\greenpaint.jpg">
      <Filter>리소스 파일</Filter>
    </Image>
    <Image Include="Resource\Texture\greenpaint.png">
      <Filter>리소스 파일</Filter>
    </Image>
    <Image Include="Resource\Texture\greenwool.png">
      <Filter>리소스 파일</Filter>
    </Image>
    <Image Include="Resource\Texture\redflower.png">
      <Filter>리소스 파일</Filter>
    </Image>
    <Image Include="Resource\Texture\RGB.png">
      <Filter>리소스 파일</Filter>
    </Image>
    <Image Include="Resource\Texture\RGB_fliped.png">
      <Filter>리소스 파일</Filter>
    </Image>
    <Image Include="Resource\Texture\sunkue_title.png">
      <Filter>리소스 파일</Filter>
    </Image>
  </ItemGroup>
</Project>